{
  "originHash" : "7894f9b77b78d0c5d758dbf9dcaab8193a77f87fc02556f61fa468d41bbb0d2f",
  "pins" : [
    {
      "identity" : "async-swift-ui",
      "kind" : "remoteSourceControl",
      "location" : "https://github.com/makinosp/async-swift-ui",
      "state" : {
        "branch" : "issue-10-adapt-to-SE-0409",
        "revision" : "350d5b97c88c7b17e384659e6cf6252b4ce3b48a"
      }
    },
    {
      "identity" : "nuke",
      "kind" : "remoteSourceControl",
      "location" : "https://github.com/kean/Nuke",
      "state" : {
        "revision" : "0ead44350d2737db384908569c012fe67c421e4d",
        "version" : "12.8.0"
      }
    },
    {
      "identity" : "swift-memberwise-init-macro",
      "kind" : "remoteSourceControl",
      "location" : "https://github.com/gohanlon/swift-memberwise-init-macro",
      "state" : {
        "revision" : "47a2bdf45f1567e7324438f8482e362ee1c3fb44",
        "version" : "0.5.2"
      }
    },
    {
      "identity" : "swift-syntax",
      "kind" : "remoteSourceControl",
      "location" : "https://github.com/swiftlang/swift-syntax.git",
      "state" : {
        "revision" : "0687f71944021d616d34d922343dcef086855920",
        "version" : "600.0.1"
      }
    },
    {
      "identity" : "vrckit",
      "kind" : "remoteSourceControl",
      "location" : "https://github.com/makinosp/vrckit",
      "state" : {
        "branch" : "develop",
        "revision" : "d83f6537f6286d9cc7453bf3d31ca119b68d74a5"
      }
    }
  ],
  "version" : 3
}
